// !$*UTF8*$!
{
	archiveVersion = 1;
	classes = {
	};
	objectVersion = 46;
	objects = {

/* Begin PBXBuildFile section */
		86BE99D819EED5FF004BFC51 /* Foundation.framework in Frameworks */ = {isa = PBXBuildFile; fileRef = 86BE99D719EED5FF004BFC51 /* Foundation.framework */; };
		86BE99DA19EED5FF004BFC51 /* CoreGraphics.framework in Frameworks */ = {isa = PBXBuildFile; fileRef = 86BE99D919EED5FF004BFC51 /* CoreGraphics.framework */; };
		86BE99DC19EED5FF004BFC51 /* UIKit.framework in Frameworks */ = {isa = PBXBuildFile; fileRef = 86BE99DB19EED5FF004BFC51 /* UIKit.framework */; };
		86BE99E219EED600004BFC51 /* InfoPlist.strings in Resources */ = {isa = PBXBuildFile; fileRef = 86BE99E019EED600004BFC51 /* InfoPlist.strings */; };
		86BE99E419EED600004BFC51 /* main.m in Sources */ = {isa = PBXBuildFile; fileRef = 86BE99E319EED600004BFC51 /* main.m */; };
		86BE99E819EED600004BFC51 /* AppDelegate.m in Sources */ = {isa = PBXBuildFile; fileRef = 86BE99E719EED600004BFC51 /* AppDelegate.m */; };
		86BE99EA19EED600004BFC51 /* Images.xcassets in Resources */ = {isa = PBXBuildFile; fileRef = 86BE99E919EED600004BFC51 /* Images.xcassets */; };
		86BE99F119EED600004BFC51 /* XCTest.framework in Frameworks */ = {isa = PBXBuildFile; fileRef = 86BE99F019EED600004BFC51 /* XCTest.framework */; };
		86BE99F219EED600004BFC51 /* Foundation.framework in Frameworks */ = {isa = PBXBuildFile; fileRef = 86BE99D719EED5FF004BFC51 /* Foundation.framework */; };
		86BE99F319EED600004BFC51 /* UIKit.framework in Frameworks */ = {isa = PBXBuildFile; fileRef = 86BE99DB19EED5FF004BFC51 /* UIKit.framework */; };
		86BE99FB19EED600004BFC51 /* InfoPlist.strings in Resources */ = {isa = PBXBuildFile; fileRef = 86BE99F919EED600004BFC51 /* InfoPlist.strings */; };
		86BE99FD19EED600004BFC51 /* DiscoverTests.m in Sources */ = {isa = PBXBuildFile; fileRef = 86BE99FC19EED600004BFC51 /* DiscoverTests.m */; };
		86BE9A0819EED62F004BFC51 /* DiscoverViewController.m in Sources */ = {isa = PBXBuildFile; fileRef = 86BE9A0719EED62F004BFC51 /* DiscoverViewController.m */; };
		86BE9A6119EEDA85004BFC51 /* NavigationItem.m in Sources */ = {isa = PBXBuildFile; fileRef = 86BE9A6019EEDA85004BFC51 /* NavigationItem.m */; };
		86BE9A6419EEDAE0004BFC51 /* BookmarkView.m in Sources */ = {isa = PBXBuildFile; fileRef = 86BE9A6319EEDAE0004BFC51 /* BookmarkView.m */; };
		86BE9A6719EEDAF8004BFC51 /* SearchBox.m in Sources */ = {isa = PBXBuildFile; fileRef = 86BE9A6619EEDAF8004BFC51 /* SearchBox.m */; };
/* End PBXBuildFile section */

/* Begin PBXContainerItemProxy section */
		86BE99F419EED600004BFC51 /* PBXContainerItemProxy */ = {
			isa = PBXContainerItemProxy;
			containerPortal = 86BE99CC19EED5FF004BFC51 /* Project object */;
			proxyType = 1;
			remoteGlobalIDString = 86BE99D319EED5FF004BFC51;
			remoteInfo = Discover;
		};
/* End PBXContainerItemProxy section */

/* Begin PBXFileReference section */
		86BE99D419EED5FF004BFC51 /* Discover.app */ = {isa = PBXFileReference; explicitFileType = wrapper.application; includeInIndex = 0; path = Discover.app; sourceTree = BUILT_PRODUCTS_DIR; };
		86BE99D719EED5FF004BFC51 /* Foundation.framework */ = {isa = PBXFileReference; lastKnownFileType = wrapper.framework; name = Foundation.framework; path = System/Library/Frameworks/Foundation.framework; sourceTree = SDKROOT; };
		86BE99D919EED5FF004BFC51 /* CoreGraphics.framework */ = {isa = PBXFileReference; lastKnownFileType = wrapper.framework; name = CoreGraphics.framework; path = System/Library/Frameworks/CoreGraphics.framework; sourceTree = SDKROOT; };
		86BE99DB19EED5FF004BFC51 /* UIKit.framework */ = {isa = PBXFileReference; lastKnownFileType = wrapper.framework; name = UIKit.framework; path = System/Library/Frameworks/UIKit.framework; sourceTree = SDKROOT; };
		86BE99DF19EED600004BFC51 /* Discover-Info.plist */ = {isa = PBXFileReference; lastKnownFileType = text.plist.xml; path = "Discover-Info.plist"; sourceTree = "<group>"; };
		86BE99E119EED600004BFC51 /* en */ = {isa = PBXFileReference; lastKnownFileType = text.plist.strings; name = en; path = en.lproj/InfoPlist.strings; sourceTree = "<group>"; };
		86BE99E319EED600004BFC51 /* main.m */ = {isa = PBXFileReference; lastKnownFileType = sourcecode.c.objc; path = main.m; sourceTree = "<group>"; };
		86BE99E519EED600004BFC51 /* Discover-Prefix.pch */ = {isa = PBXFileReference; lastKnownFileType = sourcecode.c.h; path = "Discover-Prefix.pch"; sourceTree = "<group>"; };
		86BE99E619EED600004BFC51 /* AppDelegate.h */ = {isa = PBXFileReference; lastKnownFileType = sourcecode.c.h; path = AppDelegate.h; sourceTree = "<group>"; };
		86BE99E719EED600004BFC51 /* AppDelegate.m */ = {isa = PBXFileReference; lastKnownFileType = sourcecode.c.objc; path = AppDelegate.m; sourceTree = "<group>"; };
		86BE99E919EED600004BFC51 /* Images.xcassets */ = {isa = PBXFileReference; lastKnownFileType = folder.assetcatalog; path = Images.xcassets; sourceTree = "<group>"; };
		86BE99EF19EED600004BFC51 /* DiscoverTests.xctest */ = {isa = PBXFileReference; explicitFileType = wrapper.cfbundle; includeInIndex = 0; path = DiscoverTests.xctest; sourceTree = BUILT_PRODUCTS_DIR; };
		86BE99F019EED600004BFC51 /* XCTest.framework */ = {isa = PBXFileReference; lastKnownFileType = wrapper.framework; name = XCTest.framework; path = Library/Frameworks/XCTest.framework; sourceTree = DEVELOPER_DIR; };
		86BE99F819EED600004BFC51 /* DiscoverTests-Info.plist */ = {isa = PBXFileReference; lastKnownFileType = text.plist.xml; path = "DiscoverTests-Info.plist"; sourceTree = "<group>"; };
		86BE99FA19EED600004BFC51 /* en */ = {isa = PBXFileReference; lastKnownFileType = text.plist.strings; name = en; path = en.lproj/InfoPlist.strings; sourceTree = "<group>"; };
		86BE99FC19EED600004BFC51 /* DiscoverTests.m */ = {isa = PBXFileReference; lastKnownFileType = sourcecode.c.objc; path = DiscoverTests.m; sourceTree = "<group>"; };
		86BE9A0619EED62F004BFC51 /* DiscoverViewController.h */ = {isa = PBXFileReference; fileEncoding = 4; lastKnownFileType = sourcecode.c.h; path = DiscoverViewController.h; sourceTree = "<group>"; };
		86BE9A0719EED62F004BFC51 /* DiscoverViewController.m */ = {isa = PBXFileReference; fileEncoding = 4; lastKnownFileType = sourcecode.c.objc; path = DiscoverViewController.m; sourceTree = "<group>"; };
		86BE9A5F19EEDA85004BFC51 /* NavigationItem.h */ = {isa = PBXFileReference; fileEncoding = 4; lastKnownFileType = sourcecode.c.h; name = NavigationItem.h; path = Components/Navigation/NavigationItem.h; sourceTree = "<group>"; };
		86BE9A6019EEDA85004BFC51 /* NavigationItem.m */ = {isa = PBXFileReference; fileEncoding = 4; lastKnownFileType = sourcecode.c.objc; name = NavigationItem.m; path = Components/Navigation/NavigationItem.m; sourceTree = "<group>"; };
		86BE9A6219EEDAE0004BFC51 /* BookmarkView.h */ = {isa = PBXFileReference; fileEncoding = 4; lastKnownFileType = sourcecode.c.h; name = BookmarkView.h; path = Components/Bookmark/BookmarkView.h; sourceTree = "<group>"; };
		86BE9A6319EEDAE0004BFC51 /* BookmarkView.m */ = {isa = PBXFileReference; fileEncoding = 4; lastKnownFileType = sourcecode.c.objc; name = BookmarkView.m; path = Components/Bookmark/BookmarkView.m; sourceTree = "<group>"; };
		86BE9A6519EEDAF8004BFC51 /* SearchBox.h */ = {isa = PBXFileReference; fileEncoding = 4; lastKnownFileType = sourcecode.c.h; name = SearchBox.h; path = Components/SearchBox/SearchBox.h; sourceTree = "<group>"; };
		86BE9A6619EEDAF8004BFC51 /* SearchBox.m */ = {isa = PBXFileReference; fileEncoding = 4; lastKnownFileType = sourcecode.c.objc; name = SearchBox.m; path = Components/SearchBox/SearchBox.m; sourceTree = "<group>"; };
/* End PBXFileReference section */

/* Begin PBXFrameworksBuildPhase section */
		86BE99D119EED5FF004BFC51 /* Frameworks */ = {
			isa = PBXFrameworksBuildPhase;
			buildActionMask = 2147483647;
			files = (
				86BE99DA19EED5FF004BFC51 /* CoreGraphics.framework in Frameworks */,
				86BE99DC19EED5FF004BFC51 /* UIKit.framework in Frameworks */,
				86BE99D819EED5FF004BFC51 /* Foundation.framework in Frameworks */,
			);
			runOnlyForDeploymentPostprocessing = 0;
		};
		86BE99EC19EED600004BFC51 /* Frameworks */ = {
			isa = PBXFrameworksBuildPhase;
			buildActionMask = 2147483647;
			files = (
				86BE99F119EED600004BFC51 /* XCTest.framework in Frameworks */,
				86BE99F319EED600004BFC51 /* UIKit.framework in Frameworks */,
				86BE99F219EED600004BFC51 /* Foundation.framework in Frameworks */,
			);
			runOnlyForDeploymentPostprocessing = 0;
		};
/* End PBXFrameworksBuildPhase section */

/* Begin PBXGroup section */
		86BE99CB19EED5FF004BFC51 = {
			isa = PBXGroup;
			children = (
				86BE99DD19EED600004BFC51 /* Discover */,
				86BE99F619EED600004BFC51 /* DiscoverTests */,
				86BE99D619EED5FF004BFC51 /* Frameworks */,
				86BE99D519EED5FF004BFC51 /* Products */,
			);
			sourceTree = "<group>";
		};
		86BE99D519EED5FF004BFC51 /* Products */ = {
			isa = PBXGroup;
			children = (
				86BE99D419EED5FF004BFC51 /* Discover.app */,
				86BE99EF19EED600004BFC51 /* DiscoverTests.xctest */,
			);
			name = Products;
			sourceTree = "<group>";
		};
		86BE99D619EED5FF004BFC51 /* Frameworks */ = {
			isa = PBXGroup;
			children = (
				86BE99D719EED5FF004BFC51 /* Foundation.framework */,
				86BE99D919EED5FF004BFC51 /* CoreGraphics.framework */,
				86BE99DB19EED5FF004BFC51 /* UIKit.framework */,
				86BE99F019EED600004BFC51 /* XCTest.framework */,
			);
			name = Frameworks;
			sourceTree = "<group>";
		};
		86BE99DD19EED600004BFC51 /* Discover */ = {
			isa = PBXGroup;
			children = (
				86BE9A5B19EED967004BFC51 /* Components */,
				86BE99E619EED600004BFC51 /* AppDelegate.h */,
				86BE99E719EED600004BFC51 /* AppDelegate.m */,
				86BE99E919EED600004BFC51 /* Images.xcassets */,
				86BE99DE19EED600004BFC51 /* Supporting Files */,
				86BE9A0619EED62F004BFC51 /* DiscoverViewController.h */,
				86BE9A0719EED62F004BFC51 /* DiscoverViewController.m */,
			);
			path = Discover;
			sourceTree = "<group>";
		};
		86BE99DE19EED600004BFC51 /* Supporting Files */ = {
			isa = PBXGroup;
			children = (
				86BE99DF19EED600004BFC51 /* Discover-Info.plist */,
				86BE99E019EED600004BFC51 /* InfoPlist.strings */,
				86BE99E319EED600004BFC51 /* main.m */,
				86BE99E519EED600004BFC51 /* Discover-Prefix.pch */,
			);
			name = "Supporting Files";
			sourceTree = "<group>";
		};
		86BE99F619EED600004BFC51 /* DiscoverTests */ = {
			isa = PBXGroup;
			children = (
				86BE99FC19EED600004BFC51 /* DiscoverTests.m */,
				86BE99F719EED600004BFC51 /* Supporting Files */,
			);
			path = DiscoverTests;
			sourceTree = "<group>";
		};
		86BE99F719EED600004BFC51 /* Supporting Files */ = {
			isa = PBXGroup;
			children = (
				86BE99F819EED600004BFC51 /* DiscoverTests-Info.plist */,
				86BE99F919EED600004BFC51 /* InfoPlist.strings */,
			);
			name = "Supporting Files";
			sourceTree = "<group>";
		};
		86BE9A5B19EED967004BFC51 /* Components */ = {
			isa = PBXGroup;
			children = (
				86BE9A5E19EEDA1C004BFC51 /* SearchBox */,
				86BE9A5D19EEDA0F004BFC51 /* Bookmark */,
				86BE9A5C19EED9C6004BFC51 /* Navigation */,
			);
			name = Components;
			sourceTree = "<group>";
		};
		86BE9A5C19EED9C6004BFC51 /* Navigation */ = {
			isa = PBXGroup;
			children = (
				86BE9A5F19EEDA85004BFC51 /* NavigationItem.h */,
				86BE9A6019EEDA85004BFC51 /* NavigationItem.m */,
			);
			name = Navigation;
			sourceTree = "<group>";
		};
		86BE9A5D19EEDA0F004BFC51 /* Bookmark */ = {
			isa = PBXGroup;
			children = (
				86BE9A6219EEDAE0004BFC51 /* BookmarkView.h */,
				86BE9A6319EEDAE0004BFC51 /* BookmarkView.m */,
			);
			name = Bookmark;
			sourceTree = "<group>";
		};
		86BE9A5E19EEDA1C004BFC51 /* SearchBox */ = {
			isa = PBXGroup;
			children = (
				86BE9A6519EEDAF8004BFC51 /* SearchBox.h */,
				86BE9A6619EEDAF8004BFC51 /* SearchBox.m */,
			);
			name = SearchBox;
			sourceTree = "<group>";
		};
/* End PBXGroup section */

/* Begin PBXNativeTarget section */
		86BE99D319EED5FF004BFC51 /* Discover */ = {
			isa = PBXNativeTarget;
			buildConfigurationList = 86BE9A0019EED600004BFC51 /* Build configuration list for PBXNativeTarget "Discover" */;
			buildPhases = (
				86BE99D019EED5FF004BFC51 /* Sources */,
				86BE99D119EED5FF004BFC51 /* Frameworks */,
				86BE99D219EED5FF004BFC51 /* Resources */,
			);
			buildRules = (
			);
			dependencies = (
			);
			name = Discover;
			productName = Discover;
			productReference = 86BE99D419EED5FF004BFC51 /* Discover.app */;
			productType = "com.apple.product-type.application";
		};
		86BE99EE19EED600004BFC51 /* DiscoverTests */ = {
			isa = PBXNativeTarget;
			buildConfigurationList = 86BE9A0319EED600004BFC51 /* Build configuration list for PBXNativeTarget "DiscoverTests" */;
			buildPhases = (
				86BE99EB19EED600004BFC51 /* Sources */,
				86BE99EC19EED600004BFC51 /* Frameworks */,
				86BE99ED19EED600004BFC51 /* Resources */,
			);
			buildRules = (
			);
			dependencies = (
				86BE99F519EED600004BFC51 /* PBXTargetDependency */,
			);
			name = DiscoverTests;
			productName = DiscoverTests;
			productReference = 86BE99EF19EED600004BFC51 /* DiscoverTests.xctest */;
			productType = "com.apple.product-type.bundle.unit-test";
		};
/* End PBXNativeTarget section */

/* Begin PBXProject section */
		86BE99CC19EED5FF004BFC51 /* Project object */ = {
			isa = PBXProject;
			attributes = {
				LastUpgradeCheck = 0510;
				ORGANIZATIONNAME = com.ucweb.lixm;
				TargetAttributes = {
					86BE99EE19EED600004BFC51 = {
						TestTargetID = 86BE99D319EED5FF004BFC51;
					};
				};
			};
			buildConfigurationList = 86BE99CF19EED5FF004BFC51 /* Build configuration list for PBXProject "Discover" */;
			compatibilityVersion = "Xcode 3.2";
			developmentRegion = English;
			hasScannedForEncodings = 0;
			knownRegions = (
				en,
			);
			mainGroup = 86BE99CB19EED5FF004BFC51;
			productRefGroup = 86BE99D519EED5FF004BFC51 /* Products */;
			projectDirPath = "";
			projectRoot = "";
			targets = (
				86BE99D319EED5FF004BFC51 /* Discover */,
				86BE99EE19EED600004BFC51 /* DiscoverTests */,
			);
		};
/* End PBXProject section */

/* Begin PBXResourcesBuildPhase section */
		86BE99D219EED5FF004BFC51 /* Resources */ = {
			isa = PBXResourcesBuildPhase;
			buildActionMask = 2147483647;
			files = (
				86BE99E219EED600004BFC51 /* InfoPlist.strings in Resources */,
				86BE99EA19EED600004BFC51 /* Images.xcassets in Resources */,
			);
			runOnlyForDeploymentPostprocessing = 0;
		};
		86BE99ED19EED600004BFC51 /* Resources */ = {
			isa = PBXResourcesBuildPhase;
			buildActionMask = 2147483647;
			files = (
				86BE99FB19EED600004BFC51 /* InfoPlist.strings in Resources */,
			);
			runOnlyForDeploymentPostprocessing = 0;
		};
/* End PBXResourcesBuildPhase section */

/* Begin PBXSourcesBuildPhase section */
		86BE99D019EED5FF004BFC51 /* Sources */ = {
			isa = PBXSourcesBuildPhase;
			buildActionMask = 2147483647;
			files = (
				86BE9A6419EEDAE0004BFC51 /* BookmarkView.m in Sources */,
				86BE99E819EED600004BFC51 /* AppDelegate.m in Sources */,
				86BE9A0819EED62F004BFC51 /* DiscoverViewController.m in Sources */,
				86BE9A6119EEDA85004BFC51 /* NavigationItem.m in Sources */,
				86BE99E419EED600004BFC51 /* main.m in Sources */,
				86BE9A6719EEDAF8004BFC51 /* SearchBox.m in Sources */,
			);
			runOnlyForDeploymentPostprocessing = 0;
		};
		86BE99EB19EED600004BFC51 /* Sources */ = {
			isa = PBXSourcesBuildPhase;
			buildActionMask = 2147483647;
			files = (
				86BE99FD19EED600004BFC51 /* DiscoverTests.m in Sources */,
			);
			runOnlyForDeploymentPostprocessing = 0;
		};
/* End PBXSourcesBuildPhase section */

/* Begin PBXTargetDependency section */
		86BE99F519EED600004BFC51 /* PBXTargetDependency */ = {
			isa = PBXTargetDependency;
			target = 86BE99D319EED5FF004BFC51 /* Discover */;
			targetProxy = 86BE99F419EED600004BFC51 /* PBXContainerItemProxy */;
		};
/* End PBXTargetDependency section */

/* Begin PBXVariantGroup section */
		86BE99E019EED600004BFC51 /* InfoPlist.strings */ = {
			isa = PBXVariantGroup;
			children = (
				86BE99E119EED600004BFC51 /* en */,
			);
			name = InfoPlist.strings;
			sourceTree = "<group>";
		};
		86BE99F919EED600004BFC51 /* InfoPlist.strings */ = {
			isa = PBXVariantGroup;
			children = (
				86BE99FA19EED600004BFC51 /* en */,
			);
			name = InfoPlist.strings;
			sourceTree = "<group>";
		};
/* End PBXVariantGroup section */

/* Begin XCBuildConfiguration section */
		86BE99FE19EED600004BFC51 /* Debug */ = {
			isa = XCBuildConfiguration;
			buildSettings = {
				ALWAYS_SEARCH_USER_PATHS = NO;
				CLANG_CXX_LANGUAGE_STANDARD = "gnu++0x";
				CLANG_CXX_LIBRARY = "libc++";
				CLANG_ENABLE_MODULES = YES;
				CLANG_ENABLE_OBJC_ARC = YES;
				CLANG_WARN_BOOL_CONVERSION = YES;
				CLANG_WARN_CONSTANT_CONVERSION = YES;
				CLANG_WARN_DIRECT_OBJC_ISA_USAGE = YES_ERROR;
				CLANG_WARN_EMPTY_BODY = YES;
				CLANG_WARN_ENUM_CONVERSION = YES;
				CLANG_WARN_INT_CONVERSION = YES;
				CLANG_WARN_OBJC_ROOT_CLASS = YES_ERROR;
				CLANG_WARN__DUPLICATE_METHOD_MATCH = YES;
				"CODE_SIGN_IDENTITY[sdk=iphoneos*]" = "iPhone Developer";
				COPY_PHASE_STRIP = NO;
				GCC_C_LANGUAGE_STANDARD = gnu99;
				GCC_DYNAMIC_NO_PIC = NO;
				GCC_OPTIMIZATION_LEVEL = 0;
				GCC_PREPROCESSOR_DEFINITIONS = (
					"DEBUG=1",
					"$(inherited)",
				);
				GCC_SYMBOLS_PRIVATE_EXTERN = NO;
				GCC_WARN_64_TO_32_BIT_CONVERSION = YES;
				GCC_WARN_ABOUT_RETURN_TYPE = YES_ERROR;
				GCC_WARN_UNDECLARED_SELECTOR = YES;
				GCC_WARN_UNINITIALIZED_AUTOS = YES_AGGRESSIVE;
				GCC_WARN_UNUSED_FUNCTION = YES;
				GCC_WARN_UNUSED_VARIABLE = YES;
				IPHONEOS_DEPLOYMENT_TARGET = 7.1;
				ONLY_ACTIVE_ARCH = YES;
				SDKROOT = iphoneos;
			};
			name = Debug;
		};
		86BE99FF19EED600004BFC51 /* Release */ = {
			isa = XCBuildConfiguration;
			buildSettings = {
				ALWAYS_SEARCH_USER_PATHS = NO;
				CLANG_CXX_LANGUAGE_STANDARD = "gnu++0x";
				CLANG_CXX_LIBRARY = "libc++";
				CLANG_ENABLE_MODULES = YES;
				CLANG_ENABLE_OBJC_ARC = YES;
				CLANG_WARN_BOOL_CONVERSION = YES;
				CLANG_WARN_CONSTANT_CONVERSION = YES;
				CLANG_WARN_DIRECT_OBJC_ISA_USAGE = YES_ERROR;
				CLANG_WARN_EMPTY_BODY = YES;
				CLANG_WARN_ENUM_CONVERSION = YES;
				CLANG_WARN_INT_CONVERSION = YES;
				CLANG_WARN_OBJC_ROOT_CLASS = YES_ERROR;
				CLANG_WARN__DUPLICATE_METHOD_MATCH = YES;
				"CODE_SIGN_IDENTITY[sdk=iphoneos*]" = "iPhone Developer";
				COPY_PHASE_STRIP = YES;
				ENABLE_NS_ASSERTIONS = NO;
				GCC_C_LANGUAGE_STANDARD = gnu99;
				GCC_WARN_64_TO_32_BIT_CONVERSION = YES;
				GCC_WARN_ABOUT_RETURN_TYPE = YES_ERROR;
				GCC_WARN_UNDECLARED_SELECTOR = YES;
				GCC_WARN_UNINITIALIZED_AUTOS = YES_AGGRESSIVE;
				GCC_WARN_UNUSED_FUNCTION = YES;
				GCC_WARN_UNUSED_VARIABLE = YES;
				IPHONEOS_DEPLOYMENT_TARGET = 7.1;
				SDKROOT = iphoneos;
				VALIDATE_PRODUCT = YES;
			};
			name = Release;
		};
		86BE9A0119EED600004BFC51 /* Debug */ = {
			isa = XCBuildConfiguration;
			buildSettings = {
				ASSETCATALOG_COMPILER_APPICON_NAME = AppIcon;
				ASSETCATALOG_COMPILER_LAUNCHIMAGE_NAME = LaunchImage;
				GCC_PRECOMPILE_PREFIX_HEADER = YES;
				GCC_PREFIX_HEADER = "Discover/Discover-Prefix.pch";
				INFOPLIST_FILE = "Discover/Discover-Info.plist";
				PRODUCT_NAME = "$(TARGET_NAME)";
				WRAPPER_EXTENSION = app;
			};
			name = Debug;
		};
		86BE9A0219EED600004BFC51 /* Release */ = {
			isa = XCBuildConfiguration;
			buildSettings = {
				ASSETCATALOG_COMPILER_APPICON_NAME = AppIcon;
				ASSETCATALOG_COMPILER_LAUNCHIMAGE_NAME = LaunchImage;
				GCC_PRECOMPILE_PREFIX_HEADER = YES;
				GCC_PREFIX_HEADER = "Discover/Discover-Prefix.pch";
				INFOPLIST_FILE = "Discover/Discover-Info.plist";
				PRODUCT_NAME = "$(TARGET_NAME)";
				WRAPPER_EXTENSION = app;
			};
			name = Release;
		};
		86BE9A0419EED600004BFC51 /* Debug */ = {
			isa = XCBuildConfiguration;
			buildSettings = {
				BUNDLE_LOADER = "$(BUILT_PRODUCTS_DIR)/Discover.app/Discover";
				FRAMEWORK_SEARCH_PATHS = (
					"$(SDKROOT)/Developer/Library/Frameworks",
					"$(inherited)",
					"$(DEVELOPER_FRAMEWORKS_DIR)",
				);
				GCC_PRECOMPILE_PREFIX_HEADER = YES;
				GCC_PREFIX_HEADER = "Discover/Discover-Prefix.pch";
				GCC_PREPROCESSOR_DEFINITIONS = (
					"DEBUG=1",
					"$(inherited)",
				);
				INFOPLIST_FILE = "DiscoverTests/DiscoverTests-Info.plist";
				PRODUCT_NAME = "$(TARGET_NAME)";
				TEST_HOST = "$(BUNDLE_LOADER)";
				WRAPPER_EXTENSION = xctest;
			};
			name = Debug;
		};
		86BE9A0519EED600004BFC51 /* Release */ = {
			isa = XCBuildConfiguration;
			buildSettings = {
				BUNDLE_LOADER = "$(BUILT_PRODUCTS_DIR)/Discover.app/Discover";
				FRAMEWORK_SEARCH_PATHS = (
					"$(SDKROOT)/Developer/Library/Frameworks",
					"$(inherited)",
					"$(DEVELOPER_FRAMEWORKS_DIR)",
				);
				GCC_PRECOMPILE_PREFIX_HEADER = YES;
				GCC_PREFIX_HEADER = "Discover/Discover-Prefix.pch";
				INFOPLIST_FILE = "DiscoverTests/DiscoverTests-Info.plist";
				PRODUCT_NAME = "$(TARGET_NAME)";
				TEST_HOST = "$(BUNDLE_LOADER)";
				WRAPPER_EXTENSION = xctest;
			};
			name = Release;
		};
/* End XCBuildConfiguration section */

/* Begin XCConfigurationList section */
		86BE99CF19EED5FF004BFC51 /* Build configuration list for PBXProject "Discover" */ = {
			isa = XCConfigurationList;
			buildConfigurations = (
				86BE99FE19EED600004BFC51 /* Debug */,
				86BE99FF19EED600004BFC51 /* Release */,
			);
			defaultConfigurationIsVisible = 0;
			defaultConfigurationName = Release;
		};
		86BE9A0019EED600004BFC51 /* Build configuration list for PBXNativeTarget "Discover" */ = {
			isa = XCConfigurationList;
			buildConfigurations = (
				86BE9A0119EED600004BFC51 /* Debug */,
				86BE9A0219EED600004BFC51 /* Release */,
			);
			defaultConfigurationIsVisible = 0;
		};
		86BE9A0319EED600004BFC51 /* Build configuration list for PBXNativeTarget "DiscoverTests" */ = {
			isa = XCConfigurationList;
			buildConfigurations = (
				86BE9A0419EED600004BFC51 /* Debug */,
				86BE9A0519EED600004BFC51 /* Release */,
			);
			defaultConfigurationIsVisible = 0;
		};
/* End XCConfigurationList section */
	};
	rootObject = 86BE99CC19EED5FF004BFC51 /* Project object */;
}
